# This file is autogenerated, do not edit; changes may be undone by the next 'dep ensure'.


[[projects]]
  name = "github.com/gorhill/cronexpr"
  packages = ["."]
  revision = "a557574d6c024ed6e36acc8b610f5f211c91568a"
  version = "1.0.0"

[solve-meta]
  analyzer-name = "dep"
  analyzer-version = 1
  inputs-digest = "83add78d574019edf5e5b62d7eba0850310873eae07eeb9ba82f3522e6e272c3"
  solver-name = "gps-cdcl"
  solver-version = 1
